{
  "name": "threejs-terrain-engine-3",
  "version": "3.11.6",
  "lockfileVersion": 3,
  "requires": true,
  "packages": {
    "": {
      "name": "threejs-terrain-engine-3",
      "version": "3.11.6",
      "dependencies": {
        "@comfyorg/fbx-exporter-three": "1.0.1",
        "fflate": "0.8.3",
        "litegraph.js": "^0.7.18",
        "three": "0.185.1"
      }
    },
    "node_modules/@comfyorg/fbx-exporter-three": {
      "version": "1.0.1",
      "resolved": "https://registry.npmjs.org/@comfyorg/fbx-exporter-three/-/fbx-exporter-three-1.0.1.tgz",
      "integrity": "sha512-fQ1zBsgmmwfio6iEi91hRiFCr946yEgqR2DGh/UMismaLyUohiKGOJL/OnJQnW3+yne/PXxVoYgcortyumsO5w==",
      "license": "MIT",
      "dependencies": {
        "fflate": "^0.8.2"
      },
      "engines": {
        "node": ">=18"
      },
      "peerDependencies": {
        "@types/three": ">=0.160.0",
        "three": ">=0.160.0"
      },
      "peerDependenciesMeta": {
        "@types/three": {
          "optional": true
        }
      }
    },
    "node_modules/fflate": {
      "version": "0.8.3",
      "resolved": "https://registry.npmjs.org/fflate/-/fflate-0.8.3.tgz",
      "integrity": "sha512-tbZNuJrLwGUp3zshBtdy4W+ORxZuIh8a5ilyIEQDC5rY1f3U20JMry0Ll3WBzU58EZKsEuJFXhb5gwv8CsPvgA==",
      "license": "MIT"
    },
    "node_modules/litegraph.js": {
      "version": "0.7.18",
      "resolved": "https://registry.npmjs.org/litegraph.js/-/litegraph.js-0.7.18.tgz",
      "integrity": "sha512-1WEwjOO58j4FcLX8DvsuMXM371MEq4Y+8pBr3q2pBhJ9nDkwBtBd9Gj6bxArBKhW6i42bSOyv9ybeuez6NAxoQ==",
      "license": "MIT"
    },
    "node_modules/three": {
      "version": "0.185.1",
      "resolved": "https://registry.npmjs.org/three/-/three-0.185.1.tgz",
      "integrity": "sha512-5aojFCXKwnjBRZvUnt3WFfEcvUJgkN5LlijRFN95hMy8WVkG4I0QNcJE+OuWvuJ0bOdStrbfXn0pkd6/QyiAlg==",
      "license": "MIT"
    }
  }
}
